
Microsoft Visual Studio Solution File, Format Version 12.00
# Visual Studio Version 16
VisualStudioVersion = 16.0.29324.140
MinimumVisualStudioVersion = 10.0.40219.1
Project("{FAE04EC0-301F-11D3-BF4B-00C04F79EFBC}") = "GaugeSample.UWP", "GaugeSample\GaugeSample.UWP\GaugeSample.UWP.csproj", "{924C2174-D46C-4615-B517-7031C2EE7C10}"
EndProject
Project("{FAE04EC0-301F-11D3-BF4B-00C04F79EFBC}") = "GaugeSample.Android", "GaugeSample\GaugeSample.Android\GaugeSample.Android.csproj", "{833DB45D-B2B7-4763-B7CD-27B2F72EFDB7}"
EndProject
Project("{FAE04EC0-301F-11D3-BF4B-00C04F79EFBC}") = "GaugeSample.iOS", "GaugeSample\GaugeSample.iOS\GaugeSample.iOS.csproj", "{0140399E-DE96-4EA2-A88F-63642A4CFDE7}"
EndProject
Project("{FAE04EC0-301F-11D3-BF4B-00C04F79EFBC}") = "GaugeSample", "GaugeSample\GaugeSample\GaugeSample.csproj", "{FCD287C3-E36A-43ED-B76C-707B1B5037D5}"
EndProject
Global
	GlobalSection(SolutionConfigurationPlatforms) = preSolution
		Debug|Any CPU = Debug|Any CPU
		Debug|ARM = Debug|ARM
		Debug|iPhone = Debug|iPhone
		Debug|iPhoneSimulator = Debug|iPhoneSimulator
		Debug|x64 = Debug|x64
		Debug|x86 = Debug|x86
		Release|Any CPU = Release|Any CPU
		Release|ARM = Release|ARM
		Release|iPhone = Release|iPhone
		Release|iPhoneSimulator = Release|iPhoneSimulator
		Release|x64 = Release|x64
		Release|x86 = Release|x86
	EndGlobalSection
	GlobalSection(ProjectConfigurationPlatforms) = postSolution
		{924C2174-D46C-4615-B517-7031C2EE7C10}.Debug|Any CPU.ActiveCfg = Debug|x86
		{924C2174-D46C-4615-B517-7031C2EE7C10}.Debug|Any CPU.Build.0 = Debug|x86
		{924C2174-D46C-4615-B517-7031C2EE7C10}.Debug|Any CPU.Deploy.0 = Debug|x86
		{924C2174-D46C-4615-B517-7031C2EE7C10}.Debug|ARM.ActiveCfg = Debug|ARM
		{924C2174-D46C-4615-B517-7031C2EE7C10}.Debug|ARM.Build.0 = Debug|ARM
		{924C2174-D46C-4615-B517-7031C2EE7C10}.Debug|ARM.Deploy.0 = Debug|ARM
		{924C2174-D46C-4615-B517-7031C2EE7C10}.Debug|iPhone.ActiveCfg = Debug|x86
		{924C2174-D46C-4615-B517-7031C2EE7C10}.Debug|iPhone.Build.0 = Debug|x86
		{924C2174-D46C-4615-B517-7031C2EE7C10}.Debug|iPhone.Deploy.0 = Debug|x86
		{924C2174-D46C-4615-B517-7031C2EE7C10}.Debug|iPhoneSimulator.ActiveCfg = Debug|x86
		{924C2174-D46C-4615-B517-7031C2EE7C10}.Debug|iPhoneSimulator.Build.0 = Debug|x86
		{924C2174-D46C-4615-B517-7031C2EE7C10}.Debug|iPhoneSimulator.Deploy.0 = Debug|x86
		{924C2174-D46C-4615-B517-7031C2EE7C10}.Debug|x64.ActiveCfg = Debug|x64
		{924C2174-D46C-4615-B517-7031C2EE7C10}.Debug|x64.Build.0 = Debug|x64
		{924C2174-D46C-4615-B517-7031C2EE7C10}.Debug|x64.Deploy.0 = Debug|x64
		{924C2174-D46C-4615-B517-7031C2EE7C10}.Debug|x86.ActiveCfg = Debug|x86
		{924C2174-D46C-4615-B517-7031C2EE7C10}.Debug|x86.Build.0 = Debug|x86
		{924C2174-D46C-4615-B517-7031C2EE7C10}.Debug|x86.Deploy.0 = Debug|x86
		{924C2174-D46C-4615-B517-7031C2EE7C10}.Release|Any CPU.ActiveCfg = Release|x86
		{924C2174-D46C-4615-B517-7031C2EE7C10}.Release|Any CPU.Build.0 = Release|x86
		{924C2174-D46C-4615-B517-7031C2EE7C10}.Release|Any CPU.Deploy.0 = Release|x86
		{924C2174-D46C-4615-B517-7031C2EE7C10}.Release|ARM.ActiveCfg = Release|ARM
		{924C2174-D46C-4615-B517-7031C2EE7C10}.Release|ARM.Build.0 = Release|ARM
		{924C2174-D46C-4615-B517-7031C2EE7C10}.Release|ARM.Deploy.0 = Release|ARM
		{924C2174-D46C-4615-B517-7031C2EE7C10}.Release|iPhone.ActiveCfg = Release|x86
		{924C2174-D46C-4615-B517-7031C2EE7C10}.Release|iPhone.Build.0 = Release|x86
		{924C2174-D46C-4615-B517-7031C2EE7C10}.Release|iPhone.Deploy.0 = Release|x86
		{924C2174-D46C-4615-B517-7031C2EE7C10}.Release|iPhoneSimulator.ActiveCfg = Release|x86
		{924C2174-D46C-4615-B517-7031C2EE7C10}.Release|iPhoneSimulator.Build.0 = Release|x86
		{924C2174-D46C-4615-B517-7031C2EE7C10}.Release|iPhoneSimulator.Deploy.0 = Release|x86
		{924C2174-D46C-4615-B517-7031C2EE7C10}.Release|x64.ActiveCfg = Release|x64
		{924C2174-D46C-4615-B517-7031C2EE7C10}.Release|x64.Build.0 = Release|x64
		{924C2174-D46C-4615-B517-7031C2EE7C10}.Release|x64.Deploy.0 = Release|x64
		{924C2174-D46C-4615-B517-7031C2EE7C10}.Release|x86.ActiveCfg = Release|x86
		{924C2174-D46C-4615-B517-7031C2EE7C10}.Release|x86.Build.0 = Release|x86
		{924C2174-D46C-4615-B517-7031C2EE7C10}.Release|x86.Deploy.0 = Release|x86
		{833DB45D-B2B7-4763-B7CD-27B2F72EFDB7}.Debug|Any CPU.ActiveCfg = Debug|Any CPU
		{833DB45D-B2B7-4763-B7CD-27B2F72EFDB7}.Debug|Any CPU.Build.0 = Debug|Any CPU
		{833DB45D-B2B7-4763-B7CD-27B2F72EFDB7}.Debug|Any CPU.Deploy.0 = Debug|Any CPU
		{833DB45D-B2B7-4763-B7CD-27B2F72EFDB7}.Debug|ARM.ActiveCfg = Debug|Any CPU
		{833DB45D-B2B7-4763-B7CD-27B2F72EFDB7}.Debug|ARM.Build.0 = Debug|Any CPU
		{833DB45D-B2B7-4763-B7CD-27B2F72EFDB7}.Debug|ARM.Deploy.0 = Debug|Any CPU
		{833DB45D-B2B7-4763-B7CD-27B2F72EFDB7}.Debug|iPhone.ActiveCfg = Debug|Any CPU
		{833DB45D-B2B7-4763-B7CD-27B2F72EFDB7}.Debug|iPhone.Build.0 = Debug|Any CPU
		{833DB45D-B2B7-4763-B7CD-27B2F72EFDB7}.Debug|iPhone.Deploy.0 = Debug|Any CPU
		{833DB45D-B2B7-4763-B7CD-27B2F72EFDB7}.Debug|iPhoneSimulator.ActiveCfg = Debug|Any CPU
		{833DB45D-B2B7-4763-B7CD-27B2F72EFDB7}.Debug|iPhoneSimulator.Build.0 = Debug|Any CPU
		{833DB45D-B2B7-4763-B7CD-27B2F72EFDB7}.Debug|iPhoneSimulator.Deploy.0 = Debug|Any CPU
		{833DB45D-B2B7-4763-B7CD-27B2F72EFDB7}.Debug|x64.ActiveCfg = Debug|Any CPU
		{833DB45D-B2B7-4763-B7CD-27B2F72EFDB7}.Debug|x64.Build.0 = Debug|Any CPU
		{833DB45D-B2B7-4763-B7CD-27B2F72EFDB7}.Debug|x64.Deploy.0 = Debug|Any CPU
		{833DB45D-B2B7-4763-B7CD-27B2F72EFDB7}.Debug|x86.ActiveCfg = Debug|Any CPU
		{833DB45D-B2B7-4763-B7CD-27B2F72EFDB7}.Debug|x86.Build.0 = Debug|Any CPU
		{833DB45D-B2B7-4763-B7CD-27B2F72EFDB7}.Debug|x86.Deploy.0 = Debug|Any CPU
		{833DB45D-B2B7-4763-B7CD-27B2F72EFDB7}.Release|Any CPU.ActiveCfg = Release|Any CPU
		{833DB45D-B2B7-4763-B7CD-27B2F72EFDB7}.Release|Any CPU.Build.0 = Release|Any CPU
		{833DB45D-B2B7-4763-B7CD-27B2F72EFDB7}.Release|Any CPU.Deploy.0 = Release|Any CPU
		{833DB45D-B2B7-4763-B7CD-27B2F72EFDB7}.Release|ARM.ActiveCfg = Release|Any CPU
		{833DB45D-B2B7-4763-B7CD-27B2F72EFDB7}.Release|ARM.Build.0 = Release|Any CPU
		{833DB45D-B2B7-4763-B7CD-27B2F72EFDB7}.Release|ARM.Deploy.0 = Release|Any CPU
		{833DB45D-B2B7-4763-B7CD-27B2F72EFDB7}.Release|iPhone.ActiveCfg = Release|Any CPU
		{833DB45D-B2B7-4763-B7CD-27B2F72EFDB7}.Release|iPhone.Build.0 = Release|Any CPU
		{833DB45D-B2B7-4763-B7CD-27B2F72EFDB7}.Release|iPhone.Deploy.0 = Release|Any CPU
		{833DB45D-B2B7-4763-B7CD-27B2F72EFDB7}.Release|iPhoneSimulator.ActiveCfg = Release|Any CPU
		{833DB45D-B2B7-4763-B7CD-27B2F72EFDB7}.Release|iPhoneSimulator.Build.0 = Release|Any CPU
		{833DB45D-B2B7-4763-B7CD-27B2F72EFDB7}.Release|iPhoneSimulator.Deploy.0 = Release|Any CPU
		{833DB45D-B2B7-4763-B7CD-27B2F72EFDB7}.Release|x64.ActiveCfg = Release|Any CPU
		{833DB45D-B2B7-4763-B7CD-27B2F72EFDB7}.Release|x64.Build.0 = Release|Any CPU
		{833DB45D-B2B7-4763-B7CD-27B2F72EFDB7}.Release|x64.Deploy.0 = Release|Any CPU
		{833DB45D-B2B7-4763-B7CD-27B2F72EFDB7}.Release|x86.ActiveCfg = Release|Any CPU
		{833DB45D-B2B7-4763-B7CD-27B2F72EFDB7}.Release|x86.Build.0 = Release|Any CPU
		{833DB45D-B2B7-4763-B7CD-27B2F72EFDB7}.Release|x86.Deploy.0 = Release|Any CPU
		{0140399E-DE96-4EA2-A88F-63642A4CFDE7}.Debug|Any CPU.ActiveCfg = Debug|iPhone
		{0140399E-DE96-4EA2-A88F-63642A4CFDE7}.Debug|Any CPU.Build.0 = Debug|iPhone
		{0140399E-DE96-4EA2-A88F-63642A4CFDE7}.Debug|Any CPU.Deploy.0 = Debug|iPhone
		{0140399E-DE96-4EA2-A88F-63642A4CFDE7}.Debug|ARM.ActiveCfg = Debug|iPhoneSimulator
		{0140399E-DE96-4EA2-A88F-63642A4CFDE7}.Debug|ARM.Build.0 = Debug|iPhoneSimulator
		{0140399E-DE96-4EA2-A88F-63642A4CFDE7}.Debug|ARM.Deploy.0 = Debug|iPhoneSimulator
		{0140399E-DE96-4EA2-A88F-63642A4CFDE7}.Debug|iPhone.ActiveCfg = Debug|iPhone
		{0140399E-DE96-4EA2-A88F-63642A4CFDE7}.Debug|iPhone.Build.0 = Debug|iPhone
		{0140399E-DE96-4EA2-A88F-63642A4CFDE7}.Debug|iPhone.Deploy.0 = Debug|iPhone
		{0140399E-DE96-4EA2-A88F-63642A4CFDE7}.Debug|iPhoneSimulator.ActiveCfg = Debug|iPhoneSimulator
		{0140399E-DE96-4EA2-A88F-63642A4CFDE7}.Debug|iPhoneSimulator.Build.0 = Debug|iPhoneSimulator
		{0140399E-DE96-4EA2-A88F-63642A4CFDE7}.Debug|iPhoneSimulator.Deploy.0 = Debug|iPhoneSimulator
		{0140399E-DE96-4EA2-A88F-63642A4CFDE7}.Debug|x64.ActiveCfg = Debug|iPhone
		{0140399E-DE96-4EA2-A88F-63642A4CFDE7}.Debug|x64.Build.0 = Debug|iPhone
		{0140399E-DE96-4EA2-A88F-63642A4CFDE7}.Debug|x64.Deploy.0 = Debug|iPhone
		{0140399E-DE96-4EA2-A88F-63642A4CFDE7}.Debug|x86.ActiveCfg = Debug|iPhone
		{0140399E-DE96-4EA2-A88F-63642A4CFDE7}.Debug|x86.Build.0 = Debug|iPhone
		{0140399E-DE96-4EA2-A88F-63642A4CFDE7}.Debug|x86.Deploy.0 = Debug|iPhone
		{0140399E-DE96-4EA2-A88F-63642A4CFDE7}.Release|Any CPU.ActiveCfg = Release|iPhone
		{0140399E-DE96-4EA2-A88F-63642A4CFDE7}.Release|Any CPU.Build.0 = Release|iPhone
		{0140399E-DE96-4EA2-A88F-63642A4CFDE7}.Release|Any CPU.Deploy.0 = Release|iPhone
		{0140399E-DE96-4EA2-A88F-63642A4CFDE7}.Release|ARM.ActiveCfg = Release|iPhone
		{0140399E-DE96-4EA2-A88F-63642A4CFDE7}.Release|ARM.Build.0 = Release|iPhone
		{0140399E-DE96-4EA2-A88F-63642A4CFDE7}.Release|ARM.Deploy.0 = Release|iPhone
		{0140399E-DE96-4EA2-A88F-63642A4CFDE7}.Release|iPhone.ActiveCfg = Release|iPhone
		{0140399E-DE96-4EA2-A88F-63642A4CFDE7}.Release|iPhone.Build.0 = Release|iPhone
		{0140399E-DE96-4EA2-A88F-63642A4CFDE7}.Release|iPhone.Deploy.0 = Release|iPhone
		{0140399E-DE96-4EA2-A88F-63642A4CFDE7}.Release|iPhoneSimulator.ActiveCfg = Release|iPhoneSimulator
		{0140399E-DE96-4EA2-A88F-63642A4CFDE7}.Release|iPhoneSimulator.Build.0 = Release|iPhoneSimulator
		{0140399E-DE96-4EA2-A88F-63642A4CFDE7}.Release|iPhoneSimulator.Deploy.0 = Release|iPhoneSimulator
		{0140399E-DE96-4EA2-A88F-63642A4CFDE7}.Release|x64.ActiveCfg = Release|iPhone
		{0140399E-DE96-4EA2-A88F-63642A4CFDE7}.Release|x64.Build.0 = Release|iPhone
		{0140399E-DE96-4EA2-A88F-63642A4CFDE7}.Release|x64.Deploy.0 = Release|iPhone
		{0140399E-DE96-4EA2-A88F-63642A4CFDE7}.Release|x86.ActiveCfg = Release|iPhone
		{0140399E-DE96-4EA2-A88F-63642A4CFDE7}.Release|x86.Build.0 = Release|iPhone
		{0140399E-DE96-4EA2-A88F-63642A4CFDE7}.Release|x86.Deploy.0 = Release|iPhone
		{FCD287C3-E36A-43ED-B76C-707B1B5037D5}.Debug|Any CPU.ActiveCfg = Debug|Any CPU
		{FCD287C3-E36A-43ED-B76C-707B1B5037D5}.Debug|Any CPU.Build.0 = Debug|Any CPU
		{FCD287C3-E36A-43ED-B76C-707B1B5037D5}.Debug|Any CPU.Deploy.0 = Debug|Any CPU
		{FCD287C3-E36A-43ED-B76C-707B1B5037D5}.Debug|ARM.ActiveCfg = Debug|Any CPU
		{FCD287C3-E36A-43ED-B76C-707B1B5037D5}.Debug|ARM.Build.0 = Debug|Any CPU
		{FCD287C3-E36A-43ED-B76C-707B1B5037D5}.Debug|ARM.Deploy.0 = Debug|Any CPU
		{FCD287C3-E36A-43ED-B76C-707B1B5037D5}.Debug|iPhone.ActiveCfg = Debug|Any CPU
		{FCD287C3-E36A-43ED-B76C-707B1B5037D5}.Debug|iPhone.Build.0 = Debug|Any CPU
		{FCD287C3-E36A-43ED-B76C-707B1B5037D5}.Debug|iPhone.Deploy.0 = Debug|Any CPU
		{FCD287C3-E36A-43ED-B76C-707B1B5037D5}.Debug|iPhoneSimulator.ActiveCfg = Debug|Any CPU
		{FCD287C3-E36A-43ED-B76C-707B1B5037D5}.Debug|iPhoneSimulator.Build.0 = Debug|Any CPU
		{FCD287C3-E36A-43ED-B76C-707B1B5037D5}.Debug|iPhoneSimulator.Deploy.0 = Debug|Any CPU
		{FCD287C3-E36A-43ED-B76C-707B1B5037D5}.Debug|x64.ActiveCfg = Debug|Any CPU
		{FCD287C3-E36A-43ED-B76C-707B1B5037D5}.Debug|x64.Build.0 = Debug|Any CPU
		{FCD287C3-E36A-43ED-B76C-707B1B5037D5}.Debug|x64.Deploy.0 = Debug|Any CPU
		{FCD287C3-E36A-43ED-B76C-707B1B5037D5}.Debug|x86.ActiveCfg = Debug|Any CPU
		{FCD287C3-E36A-43ED-B76C-707B1B5037D5}.Debug|x86.Build.0 = Debug|Any CPU
		{FCD287C3-E36A-43ED-B76C-707B1B5037D5}.Debug|x86.Deploy.0 = Debug|Any CPU
		{FCD287C3-E36A-43ED-B76C-707B1B5037D5}.Release|Any CPU.ActiveCfg = Release|Any CPU
		{FCD287C3-E36A-43ED-B76C-707B1B5037D5}.Release|Any CPU.Build.0 = Release|Any CPU
		{FCD287C3-E36A-43ED-B76C-707B1B5037D5}.Release|Any CPU.Deploy.0 = Release|Any CPU
		{FCD287C3-E36A-43ED-B76C-707B1B5037D5}.Release|ARM.ActiveCfg = Release|Any CPU
		{FCD287C3-E36A-43ED-B76C-707B1B5037D5}.Release|ARM.Build.0 = Release|Any CPU
		{FCD287C3-E36A-43ED-B76C-707B1B5037D5}.Release|ARM.Deploy.0 = Release|Any CPU
		{FCD287C3-E36A-43ED-B76C-707B1B5037D5}.Release|iPhone.ActiveCfg = Release|Any CPU
		{FCD287C3-E36A-43ED-B76C-707B1B5037D5}.Release|iPhone.Build.0 = Release|Any CPU
		{FCD287C3-E36A-43ED-B76C-707B1B5037D5}.Release|iPhone.Deploy.0 = Release|Any CPU
		{FCD287C3-E36A-43ED-B76C-707B1B5037D5}.Release|iPhoneSimulator.ActiveCfg = Release|Any CPU
		{FCD287C3-E36A-43ED-B76C-707B1B5037D5}.Release|iPhoneSimulator.Build.0 = Release|Any CPU
		{FCD287C3-E36A-43ED-B76C-707B1B5037D5}.Release|iPhoneSimulator.Deploy.0 = Release|Any CPU
		{FCD287C3-E36A-43ED-B76C-707B1B5037D5}.Release|x64.ActiveCfg = Release|Any CPU
		{FCD287C3-E36A-43ED-B76C-707B1B5037D5}.Release|x64.Build.0 = Release|Any CPU
		{FCD287C3-E36A-43ED-B76C-707B1B5037D5}.Release|x64.Deploy.0 = Release|Any CPU
		{FCD287C3-E36A-43ED-B76C-707B1B5037D5}.Release|x86.ActiveCfg = Release|Any CPU
		{FCD287C3-E36A-43ED-B76C-707B1B5037D5}.Release|x86.Build.0 = Release|Any CPU
		{FCD287C3-E36A-43ED-B76C-707B1B5037D5}.Release|x86.Deploy.0 = Release|Any CPU
	EndGlobalSection
	GlobalSection(SolutionProperties) = preSolution
		HideSolutionNode = FALSE
	EndGlobalSection
	GlobalSection(ExtensibilityGlobals) = postSolution
		SolutionGuid = {44537964-06B6-4B0A-AEBC-0D07D0A5A06F}
	EndGlobalSection
EndGlobal
